
Microsoft Visual Studio Solution File, Format Version 12.00
# Visual Studio Version 17
VisualStudioVersion = 17.8.34316.72
MinimumVisualStudioVersion = 10.0.40219.1
Project("{FAE04EC0-301F-11D3-BF4B-00C04F79EFBC}") = "Лаба 5", "Лаба 5\Лаба 5.csproj", "{EB145BA6-F75E-436E-BB99-EFC07B690A85}"
EndProject
Global
	GlobalSection(SolutionConfigurationPlatforms) = preSolution
		Debug|Any CPU = Debug|Any CPU
		Release|Any CPU = Release|Any CPU
	EndGlobalSection
	GlobalSection(ProjectConfigurationPlatforms) = postSolution
		{EB145BA6-F75E-436E-BB99-EFC07B690A85}.Debug|Any CPU.ActiveCfg = Debug|Any CPU
		{EB145BA6-F75E-436E-BB99-EFC07B690A85}.Debug|Any CPU.Build.0 = Debug|Any CPU
		{EB145BA6-F75E-436E-BB99-EFC07B690A85}.Release|Any CPU.ActiveCfg = Release|Any CPU
		{EB145BA6-F75E-436E-BB99-EFC07B690A85}.Release|Any CPU.Build.0 = Release|Any CPU
	EndGlobalSection
	GlobalSection(SolutionProperties) = preSolution
		HideSolutionNode = FALSE
	EndGlobalSection
	GlobalSection(ExtensibilityGlobals) = postSolution
		SolutionGuid = {87F30FD0-E0DC-477D-A449-4D4AD27D31DB}
	EndGlobalSection
EndGlobal
